
Microsoft Visual Studio Solution File, Format Version 12.00
# Visual Studio Version 17
VisualStudioVersion = 17.4.33103.184
MinimumVisualStudioVersion = 10.0.40219.1
Project("{FAE04EC0-301F-11D3-BF4B-00C04F79EFBC}") = "Streamish", "Streamish\Streamish.csproj", "{68431054-C117-4598-87C9-DFB0962E6204}"
EndProject
Global
	GlobalSection(SolutionConfigurationPlatforms) = preSolution
		Debug|Any CPU = Debug|Any CPU
		Release|Any CPU = Release|Any CPU
	EndGlobalSection
	GlobalSection(ProjectConfigurationPlatforms) = postSolution
		{68431054-C117-4598-87C9-DFB0962E6204}.Debug|Any CPU.ActiveCfg = Debug|Any CPU
		{68431054-C117-4598-87C9-DFB0962E6204}.Debug|Any CPU.Build.0 = Debug|Any CPU
		{68431054-C117-4598-87C9-DFB0962E6204}.Release|Any CPU.ActiveCfg = Release|Any CPU
		{68431054-C117-4598-87C9-DFB0962E6204}.Release|Any CPU.Build.0 = Release|Any CPU
	EndGlobalSection
	GlobalSection(SolutionProperties) = preSolution
		HideSolutionNode = FALSE
	EndGlobalSection
	GlobalSection(ExtensibilityGlobals) = postSolution
		SolutionGuid = {3089BB8C-E9E8-4D76-A974-CCFD98FD8C96}
	EndGlobalSection
EndGlobal
